{
  "name": "lesson_retina_js",
  "version": "1.0.0",
  "lockfileVersion": 3,
  "requires": true,
  "packages": {
    "": {
      "name": "lesson_retina_js",
      "version": "1.0.0",
      "dependencies": {
        "retina.js": "latest"
      }
    },
    "node_modules/retina.js": {
      "version": "1.1.0",
      "resolved": "https://registry.npmjs.org/retina.js/-/retina.js-1.1.0.tgz",
      "integrity": "sha512-srix9Hs0RUkGykRypwHHoKTKUDW97y0UZxA3RF6eWtL2vvGnM/Ppfk4Q8vcQFNuzjBgxtc3h/aIJoacOIoXmnw=="
    }
  }
}
